
Microsoft Visual Studio Solution File, Format Version 12.00
# Visual Studio Version 16
VisualStudioVersion = 16.0.29102.190
MinimumVisualStudioVersion = 10.0.40219.1
Project("{FAE04EC0-301F-11D3-BF4B-00C04F79EFBC}") = "LKaifer_Blog", "LKaifer_Blog\LKaifer_Blog.csproj", "{62962F8E-35B8-4B0E-9F63-8D81B1306A7E}"
EndProject
Global
	GlobalSection(SolutionConfigurationPlatforms) = preSolution
		Debug|Any CPU = Debug|Any CPU
		Release|Any CPU = Release|Any CPU
	EndGlobalSection
	GlobalSection(ProjectConfigurationPlatforms) = postSolution
		{62962F8E-35B8-4B0E-9F63-8D81B1306A7E}.Debug|Any CPU.ActiveCfg = Debug|Any CPU
		{62962F8E-35B8-4B0E-9F63-8D81B1306A7E}.Debug|Any CPU.Build.0 = Debug|Any CPU
		{62962F8E-35B8-4B0E-9F63-8D81B1306A7E}.Release|Any CPU.ActiveCfg = Release|Any CPU
		{62962F8E-35B8-4B0E-9F63-8D81B1306A7E}.Release|Any CPU.Build.0 = Release|Any CPU
	EndGlobalSection
	GlobalSection(SolutionProperties) = preSolution
		HideSolutionNode = FALSE
	EndGlobalSection
	GlobalSection(ExtensibilityGlobals) = postSolution
		SolutionGuid = {04530458-BBD1-4416-9A19-B43952B1CAFA}
	EndGlobalSection
EndGlobal
